// !$*UTF8*$!
{
	archiveVersion = 1;
	classes = {
	};
	objectVersion = 55;
	objects = {

/* Begin PBXBuildFile section */
		765FBC4C28B803D700D8FCA0 /* AppDelegate.swift in Sources */ = {isa = PBXBuildFile; fileRef = 765FBC4B28B803D700D8FCA0 /* AppDelegate.swift */; };
		765FBC4E28B803D700D8FCA0 /* SceneDelegate.swift in Sources */ = {isa = PBXBuildFile; fileRef = 765FBC4D28B803D700D8FCA0 /* SceneDelegate.swift */; };
		765FBC5028B803D700D8FCA0 /* ViewController.swift in Sources */ = {isa = PBXBuildFile; fileRef = 765FBC4F28B803D700D8FCA0 /* ViewController.swift */; };
		765FBC5328B803D700D8FCA0 /* Main.storyboard in Resources */ = {isa = PBXBuildFile; fileRef = 765FBC5128B803D700D8FCA0 /* Main.storyboard */; };
		765FBC5528B803D800D8FCA0 /* Assets.xcassets in Resources */ = {isa = PBXBuildFile; fileRef = 765FBC5428B803D800D8FCA0 /* Assets.xcassets */; };
		765FBC5828B803D800D8FCA0 /* LaunchScreen.storyboard in Resources */ = {isa = PBXBuildFile; fileRef = 765FBC5628B803D800D8FCA0 /* LaunchScreen.storyboard */; };
		765FBC6328B803D800D8FCA0 /* HelloIxueaTests.swift in Sources */ = {isa = PBXBuildFile; fileRef = 765FBC6228B803D800D8FCA0 /* HelloIxueaTests.swift */; };
		765FBC6D28B803D900D8FCA0 /* HelloIxueaUITests.swift in Sources */ = {isa = PBXBuildFile; fileRef = 765FBC6C28B803D900D8FCA0 /* HelloIxueaUITests.swift */; };
		765FBC6F28B803D900D8FCA0 /* HelloIxueaUITestsLaunchTests.swift in Sources */ = {isa = PBXBuildFile; fileRef = 765FBC6E28B803D900D8FCA0 /* HelloIxueaUITestsLaunchTests.swift */; };
/* End PBXBuildFile section */

/* Begin PBXContainerItemProxy section */
		765FBC5F28B803D800D8FCA0 /* PBXContainerItemProxy */ = {
			isa = PBXContainerItemProxy;
			containerPortal = 765FBC4028B803D700D8FCA0 /* Project object */;
			proxyType = 1;
			remoteGlobalIDString = 765FBC4728B803D700D8FCA0;
			remoteInfo = HelloIxuea;
		};
		765FBC6928B803D800D8FCA0 /* PBXContainerItemProxy */ = {
			isa = PBXContainerItemProxy;
			containerPortal = 765FBC4028B803D700D8FCA0 /* Project object */;
			proxyType = 1;
			remoteGlobalIDString = 765FBC4728B803D700D8FCA0;
			remoteInfo = HelloIxuea;
		};
/* End PBXContainerItemProxy section */

/* Begin PBXFileReference section */
		765FBC4828B803D700D8FCA0 /* HelloIxuea.app */ = {isa = PBXFileReference; explicitFileType = wrapper.application; includeInIndex = 0; path = HelloIxuea.app; sourceTree = BUILT_PRODUCTS_DIR; };
		765FBC4B28B803D700D8FCA0 /* AppDelegate.swift */ = {isa = PBXFileReference; lastKnownFileType = sourcecode.swift; path = AppDelegate.swift; sourceTree = "<group>"; };
		765FBC4D28B803D700D8FCA0 /* SceneDelegate.swift */ = {isa = PBXFileReference; lastKnownFileType = sourcecode.swift; path = SceneDelegate.swift; sourceTree = "<group>"; };
		765FBC4F28B803D700D8FCA0 /* ViewController.swift */ = {isa = PBXFileReference; lastKnownFileType = sourcecode.swift; path = ViewController.swift; sourceTree = "<group>"; };
		765FBC5228B803D700D8FCA0 /* Base */ = {isa = PBXFileReference; lastKnownFileType = file.storyboard; name = Base; path = Base.lproj/Main.storyboard; sourceTree = "<group>"; };
		765FBC5428B803D800D8FCA0 /* Assets.xcassets */ = {isa = PBXFileReference; lastKnownFileType = folder.assetcatalog; path = Assets.xcassets; sourceTree = "<group>"; };
		765FBC5728B803D800D8FCA0 /* Base */ = {isa = PBXFileReference; lastKnownFileType = file.storyboard; name = Base; path = Base.lproj/LaunchScreen.storyboard; sourceTree = "<group>"; };
		765FBC5928B803D800D8FCA0 /* Info.plist */ = {isa = PBXFileReference; lastKnownFileType = text.plist.xml; path = Info.plist; sourceTree = "<group>"; };
		765FBC5E28B803D800D8FCA0 /* HelloIxueaTests.xctest */ = {isa = PBXFileReference; explicitFileType = wrapper.cfbundle; includeInIndex = 0; path = HelloIxueaTests.xctest; sourceTree = BUILT_PRODUCTS_DIR; };
		765FBC6228B803D800D8FCA0 /* HelloIxueaTests.swift */ = {isa = PBXFileReference; lastKnownFileType = sourcecode.swift; path = HelloIxueaTests.swift; sourceTree = "<group>"; };
		765FBC6828B803D800D8FCA0 /* HelloIxueaUITests.xctest */ = {isa = PBXFileReference; explicitFileType = wrapper.cfbundle; includeInIndex = 0; path = HelloIxueaUITests.xctest; sourceTree = BUILT_PRODUCTS_DIR; };
		765FBC6C28B803D900D8FCA0 /* HelloIxueaUITests.swift */ = {isa = PBXFileReference; lastKnownFileType = sourcecode.swift; path = HelloIxueaUITests.swift; sourceTree = "<group>"; };
		765FBC6E28B803D900D8FCA0 /* HelloIxueaUITestsLaunchTests.swift */ = {isa = PBXFileReference; lastKnownFileType = sourcecode.swift; path = HelloIxueaUITestsLaunchTests.swift; sourceTree = "<group>"; };
/* End PBXFileReference section */

/* Begin PBXFrameworksBuildPhase section */
		765FBC4528B803D700D8FCA0 /* Frameworks */ = {
			isa = PBXFrameworksBuildPhase;
			buildActionMask = 2147483647;
			files = (
			);
			runOnlyForDeploymentPostprocessing = 0;
		};
		765FBC5B28B803D800D8FCA0 /* Frameworks */ = {
			isa = PBXFrameworksBuildPhase;
			buildActionMask = 2147483647;
			files = (
			);
			runOnlyForDeploymentPostprocessing = 0;
		};
		765FBC6528B803D800D8FCA0 /* Frameworks */ = {
			isa = PBXFrameworksBuildPhase;
			buildActionMask = 2147483647;
			files = (
			);
			runOnlyForDeploymentPostprocessing = 0;
		};
/* End PBXFrameworksBuildPhase section */

/* Begin PBXGroup section */
		765FBC3F28B803D700D8FCA0 = {
			isa = PBXGroup;
			children = (
				765FBC4A28B803D700D8FCA0 /* HelloIxuea */,
				765FBC6128B803D800D8FCA0 /* HelloIxueaTests */,
				765FBC6B28B803D800D8FCA0 /* HelloIxueaUITests */,
				765FBC4928B803D700D8FCA0 /* Products */,
			);
			sourceTree = "<group>";
		};
		765FBC4928B803D700D8FCA0 /* Products */ = {
			isa = PBXGroup;
			children = (
				765FBC4828B803D700D8FCA0 /* HelloIxuea.app */,
				765FBC5E28B803D800D8FCA0 /* HelloIxueaTests.xctest */,
				765FBC6828B803D800D8FCA0 /* HelloIxueaUITests.xctest */,
			);
			name = Products;
			sourceTree = "<group>";
		};
		765FBC4A28B803D700D8FCA0 /* HelloIxuea */ = {
			isa = PBXGroup;
			children = (
				765FBC4B28B803D700D8FCA0 /* AppDelegate.swift */,
				765FBC4D28B803D700D8FCA0 /* SceneDelegate.swift */,
				765FBC4F28B803D700D8FCA0 /* ViewController.swift */,
				765FBC5128B803D700D8FCA0 /* Main.storyboard */,
				765FBC5428B803D800D8FCA0 /* Assets.xcassets */,
				765FBC5628B803D800D8FCA0 /* LaunchScreen.storyboard */,
				765FBC5928B803D800D8FCA0 /* Info.plist */,
			);
			path = HelloIxuea;
			sourceTree = "<group>";
		};
		765FBC6128B803D800D8FCA0 /* HelloIxueaTests */ = {
			isa = PBXGroup;
			children = (
				765FBC6228B803D800D8FCA0 /* HelloIxueaTests.swift */,
			);
			path = HelloIxueaTests;
			sourceTree = "<group>";
		};
		765FBC6B28B803D800D8FCA0 /* HelloIxueaUITests */ = {
			isa = PBXGroup;
			children = (
				765FBC6C28B803D900D8FCA0 /* HelloIxueaUITests.swift */,
				765FBC6E28B803D900D8FCA0 /* HelloIxueaUITestsLaunchTests.swift */,
			);
			path = HelloIxueaUITests;
			sourceTree = "<group>";
		};
/* End PBXGroup section */

/* Begin PBXNativeTarget section */
		765FBC4728B803D700D8FCA0 /* HelloIxuea */ = {
			isa = PBXNativeTarget;
			buildConfigurationList = 765FBC7228B803D900D8FCA0 /* Build configuration list for PBXNativeTarget "HelloIxuea" */;
			buildPhases = (
				765FBC4428B803D700D8FCA0 /* Sources */,
				765FBC4528B803D700D8FCA0 /* Frameworks */,
				765FBC4628B803D700D8FCA0 /* Resources */,
			);
			buildRules = (
			);
			dependencies = (
			);
			name = HelloIxuea;
			productName = HelloIxuea;
			productReference = 765FBC4828B803D700D8FCA0 /* HelloIxuea.app */;
			productType = "com.apple.product-type.application";
		};
		765FBC5D28B803D800D8FCA0 /* HelloIxueaTests */ = {
			isa = PBXNativeTarget;
			buildConfigurationList = 765FBC7528B803D900D8FCA0 /* Build configuration list for PBXNativeTarget "HelloIxueaTests" */;
			buildPhases = (
				765FBC5A28B803D800D8FCA0 /* Sources */,
				765FBC5B28B803D800D8FCA0 /* Frameworks */,
				765FBC5C28B803D800D8FCA0 /* Resources */,
			);
			buildRules = (
			);
			dependencies = (
				765FBC6028B803D800D8FCA0 /* PBXTargetDependency */,
			);
			name = HelloIxueaTests;
			productName = HelloIxueaTests;
			productReference = 765FBC5E28B803D800D8FCA0 /* HelloIxueaTests.xctest */;
			productType = "com.apple.product-type.bundle.unit-test";
		};
		765FBC6728B803D800D8FCA0 /* HelloIxueaUITests */ = {
			isa = PBXNativeTarget;
			buildConfigurationList = 765FBC7828B803D900D8FCA0 /* Build configuration list for PBXNativeTarget "HelloIxueaUITests" */;
			buildPhases = (
				765FBC6428B803D800D8FCA0 /* Sources */,
				765FBC6528B803D800D8FCA0 /* Frameworks */,
				765FBC6628B803D800D8FCA0 /* Resources */,
			);
			buildRules = (
			);
			dependencies = (
				765FBC6A28B803D800D8FCA0 /* PBXTargetDependency */,
			);
			name = HelloIxueaUITests;
			productName = HelloIxueaUITests;
			productReference = 765FBC6828B803D800D8FCA0 /* HelloIxueaUITests.xctest */;
			productType = "com.apple.product-type.bundle.ui-testing";
		};
/* End PBXNativeTarget section */

/* Begin PBXProject section */
		765FBC4028B803D700D8FCA0 /* Project object */ = {
			isa = PBXProject;
			attributes = {
				BuildIndependentTargetsInParallel = 1;
				LastSwiftUpdateCheck = 1340;
				LastUpgradeCheck = 1340;
				TargetAttributes = {
					765FBC4728B803D700D8FCA0 = {
						CreatedOnToolsVersion = 13.4.1;
					};
					765FBC5D28B803D800D8FCA0 = {
						CreatedOnToolsVersion = 13.4.1;
						TestTargetID = 765FBC4728B803D700D8FCA0;
					};
					765FBC6728B803D800D8FCA0 = {
						CreatedOnToolsVersion = 13.4.1;
						TestTargetID = 765FBC4728B803D700D8FCA0;
					};
				};
			};
			buildConfigurationList = 765FBC4328B803D700D8FCA0 /* Build configuration list for PBXProject "HelloIxuea" */;
			compatibilityVersion = "Xcode 13.0";
			developmentRegion = en;
			hasScannedForEncodings = 0;
			knownRegions = (
				en,
				Base,
			);
			mainGroup = 765FBC3F28B803D700D8FCA0;
			productRefGroup = 765FBC4928B803D700D8FCA0 /* Products */;
			projectDirPath = "";
			projectRoot = "";
			targets = (
				765FBC4728B803D700D8FCA0 /* HelloIxuea */,
				765FBC5D28B803D800D8FCA0 /* HelloIxueaTests */,
				765FBC6728B803D800D8FCA0 /* HelloIxueaUITests */,
			);
		};
/* End PBXProject section */

/* Begin PBXResourcesBuildPhase section */
		765FBC4628B803D700D8FCA0 /* Resources */ = {
			isa = PBXResourcesBuildPhase;
			buildActionMask = 2147483647;
			files = (
				765FBC5828B803D800D8FCA0 /* LaunchScreen.storyboard in Resources */,
				765FBC5528B803D800D8FCA0 /* Assets.xcassets in Resources */,
				765FBC5328B803D700D8FCA0 /* Main.storyboard in Resources */,
			);
			runOnlyForDeploymentPostprocessing = 0;
		};
		765FBC5C28B803D800D8FCA0 /* Resources */ = {
			isa = PBXResourcesBuildPhase;
			buildActionMask = 2147483647;
			files = (
			);
			runOnlyForDeploymentPostprocessing = 0;
		};
		765FBC6628B803D800D8FCA0 /* Resources */ = {
			isa = PBXResourcesBuildPhase;
			buildActionMask = 2147483647;
			files = (
			);
			runOnlyForDeploymentPostprocessing = 0;
		};
/* End PBXResourcesBuildPhase section */

/* Begin PBXSourcesBuildPhase section */
		765FBC4428B803D700D8FCA0 /* Sources */ = {
			isa = PBXSourcesBuildPhase;
			buildActionMask = 2147483647;
			files = (
				765FBC5028B803D700D8FCA0 /* ViewController.swift in Sources */,
				765FBC4C28B803D700D8FCA0 /* AppDelegate.swift in Sources */,
				765FBC4E28B803D700D8FCA0 /* SceneDelegate.swift in Sources */,
			);
			runOnlyForDeploymentPostprocessing = 0;
		};
		765FBC5A28B803D800D8FCA0 /* Sources */ = {
			isa = PBXSourcesBuildPhase;
			buildActionMask = 2147483647;
			files = (
				765FBC6328B803D800D8FCA0 /* HelloIxueaTests.swift in Sources */,
			);
			runOnlyForDeploymentPostprocessing = 0;
		};
		765FBC6428B803D800D8FCA0 /* Sources */ = {
			isa = PBXSourcesBuildPhase;
			buildActionMask = 2147483647;
			files = (
				765FBC6F28B803D900D8FCA0 /* HelloIxueaUITestsLaunchTests.swift in Sources */,
				765FBC6D28B803D900D8FCA0 /* HelloIxueaUITests.swift in Sources */,
			);
			runOnlyForDeploymentPostprocessing = 0;
		};
/* End PBXSourcesBuildPhase section */

/* Begin PBXTargetDependency section */
		765FBC6028B803D800D8FCA0 /* PBXTargetDependency */ = {
			isa = PBXTargetDependency;
			target = 765FBC4728B803D700D8FCA0 /* HelloIxuea */;
			targetProxy = 765FBC5F28B803D800D8FCA0 /* PBXContainerItemProxy */;
		};
		765FBC6A28B803D800D8FCA0 /* PBXTargetDependency */ = {
			isa = PBXTargetDependency;
			target = 765FBC4728B803D700D8FCA0 /* HelloIxuea */;
			targetProxy = 765FBC6928B803D800D8FCA0 /* PBXContainerItemProxy */;
		};
/* End PBXTargetDependency section */

/* Begin PBXVariantGroup section */
		765FBC5128B803D700D8FCA0 /* Main.storyboard */ = {
			isa = PBXVariantGroup;
			children = (
				765FBC5228B803D700D8FCA0 /* Base */,
			);
			name = Main.storyboard;
			sourceTree = "<group>";
		};
		765FBC5628B803D800D8FCA0 /* LaunchScreen.storyboard */ = {
			isa = PBXVariantGroup;
			children = (
				765FBC5728B803D800D8FCA0 /* Base */,
			);
			name = LaunchScreen.storyboard;
			sourceTree = "<group>";
		};
/* End PBXVariantGroup section */

/* Begin XCBuildConfiguration section */
		765FBC7028B803D900D8FCA0 /* Debug */ = {
			isa = XCBuildConfiguration;
			buildSettings = {
				ALWAYS_SEARCH_USER_PATHS = NO;
				CLANG_ANALYZER_NONNULL = YES;
				CLANG_ANALYZER_NUMBER_OBJECT_CONVERSION = YES_AGGRESSIVE;
				CLANG_CXX_LANGUAGE_STANDARD = "gnu++17";
				CLANG_ENABLE_MODULES = YES;
				CLANG_ENABLE_OBJC_ARC = YES;
				CLANG_ENABLE_OBJC_WEAK = YES;
				CLANG_WARN_BLOCK_CAPTURE_AUTORELEASING = YES;
				CLANG_WARN_BOOL_CONVERSION = YES;
				CLANG_WARN_COMMA = YES;
				CLANG_WARN_CONSTANT_CONVERSION = YES;
				CLANG_WARN_DEPRECATED_OBJC_IMPLEMENTATIONS = YES;
				CLANG_WARN_DIRECT_OBJC_ISA_USAGE = YES_ERROR;
				CLANG_WARN_DOCUMENTATION_COMMENTS = YES;
				CLANG_WARN_EMPTY_BODY = YES;
				CLANG_WARN_ENUM_CONVERSION = YES;
				CLANG_WARN_INFINITE_RECURSION = YES;
				CLANG_WARN_INT_CONVERSION = YES;
				CLANG_WARN_NON_LITERAL_NULL_CONVERSION = YES;
				CLANG_WARN_OBJC_IMPLICIT_RETAIN_SELF = YES;
				CLANG_WARN_OBJC_LITERAL_CONVERSION = YES;
				CLANG_WARN_OBJC_ROOT_CLASS = YES_ERROR;
				CLANG_WARN_QUOTED_INCLUDE_IN_FRAMEWORK_HEADER = YES;
				CLANG_WARN_RANGE_LOOP_ANALYSIS = YES;
				CLANG_WARN_STRICT_PROTOTYPES = YES;
				CLANG_WARN_SUSPICIOUS_MOVE = YES;
				CLANG_WARN_UNGUARDED_AVAILABILITY = YES_AGGRESSIVE;
				CLANG_WARN_UNREACHABLE_CODE = YES;
				CLANG_WARN__DUPLICATE_METHOD_MATCH = YES;
				COPY_PHASE_STRIP = NO;
				DEBUG_INFORMATION_FORMAT = dwarf;
				ENABLE_STRICT_OBJC_MSGSEND = YES;
				ENABLE_TESTABILITY = YES;
				GCC_C_LANGUAGE_STANDARD = gnu11;
				GCC_DYNAMIC_NO_PIC = NO;
				GCC_NO_COMMON_BLOCKS = YES;
				GCC_OPTIMIZATION_LEVEL = 0;
				GCC_PREPROCESSOR_DEFINITIONS = (
					"DEBUG=1",
					"$(inherited)",
				);
				GCC_WARN_64_TO_32_BIT_CONVERSION = YES;
				GCC_WARN_ABOUT_RETURN_TYPE = YES_ERROR;
				GCC_WARN_UNDECLARED_SELECTOR = YES;
				GCC_WARN_UNINITIALIZED_AUTOS = YES_AGGRESSIVE;
				GCC_WARN_UNUSED_FUNCTION = YES;
				GCC_WARN_UNUSED_VARIABLE = YES;
				IPHONEOS_DEPLOYMENT_TARGET = 15.5;
				MTL_ENABLE_DEBUG_INFO = INCLUDE_SOURCE;
				MTL_FAST_MATH = YES;
				ONLY_ACTIVE_ARCH = YES;
				SDKROOT = iphoneos;
				SWIFT_ACTIVE_COMPILATION_CONDITIONS = DEBUG;
				SWIFT_OPTIMIZATION_LEVEL = "-Onone";
			};
			name = Debug;
		};
		765FBC7128B803D900D8FCA0 /* Release */ = {
			isa = XCBuildConfiguration;
			buildSettings = {
				ALWAYS_SEARCH_USER_PATHS = NO;
				CLANG_ANALYZER_NONNULL = YES;
				CLANG_ANALYZER_NUMBER_OBJECT_CONVERSION = YES_AGGRESSIVE;
				CLANG_CXX_LANGUAGE_STANDARD = "gnu++17";
				CLANG_ENABLE_MODULES = YES;
				CLANG_ENABLE_OBJC_ARC = YES;
				CLANG_ENABLE_OBJC_WEAK = YES;
				CLANG_WARN_BLOCK_CAPTURE_AUTORELEASING = YES;
				CLANG_WARN_BOOL_CONVERSION = YES;
				CLANG_WARN_COMMA = YES;
				CLANG_WARN_CONSTANT_CONVERSION = YES;
				CLANG_WARN_DEPRECATED_OBJC_IMPLEMENTATIONS = YES;
				CLANG_WARN_DIRECT_OBJC_ISA_USAGE = YES_ERROR;
				CLANG_WARN_DOCUMENTATION_COMMENTS = YES;
				CLANG_WARN_EMPTY_BODY = YES;
				CLANG_WARN_ENUM_CONVERSION = YES;
				CLANG_WARN_INFINITE_RECURSION = YES;
				CLANG_WARN_INT_CONVERSION = YES;
				CLANG_WARN_NON_LITERAL_NULL_CONVERSION = YES;
				CLANG_WARN_OBJC_IMPLICIT_RETAIN_SELF = YES;
				CLANG_WARN_OBJC_LITERAL_CONVERSION = YES;
				CLANG_WARN_OBJC_ROOT_CLASS = YES_ERROR;
				CLANG_WARN_QUOTED_INCLUDE_IN_FRAMEWORK_HEADER = YES;
				CLANG_WARN_RANGE_LOOP_ANALYSIS = YES;
				CLANG_WARN_STRICT_PROTOTYPES = YES;
				CLANG_WARN_SUSPICIOUS_MOVE = YES;
				CLANG_WARN_UNGUARDED_AVAILABILITY = YES_AGGRESSIVE;
				CLANG_WARN_UNREACHABLE_CODE = YES;
				CLANG_WARN__DUPLICATE_METHOD_MATCH = YES;
				COPY_PHASE_STRIP = NO;
				DEBUG_INFORMATION_FORMAT = "dwarf-with-dsym";
				ENABLE_NS_ASSERTIONS = NO;
				ENABLE_STRICT_OBJC_MSGSEND = YES;
				GCC_C_LANGUAGE_STANDARD = gnu11;
				GCC_NO_COMMON_BLOCKS = YES;
				GCC_WARN_64_TO_32_BIT_CONVERSION = YES;
				GCC_WARN_ABOUT_RETURN_TYPE = YES_ERROR;
				GCC_WARN_UNDECLARED_SELECTOR = YES;
				GCC_WARN_UNINITIALIZED_AUTOS = YES_AGGRESSIVE;
				GCC_WARN_UNUSED_FUNCTION = YES;
				GCC_WARN_UNUSED_VARIABLE = YES;
				IPHONEOS_DEPLOYMENT_TARGET = 15.5;
				MTL_ENABLE_DEBUG_INFO = NO;
				MTL_FAST_MATH = YES;
				SDKROOT = iphoneos;
				SWIFT_COMPILATION_MODE = wholemodule;
				SWIFT_OPTIMIZATION_LEVEL = "-O";
				VALIDATE_PRODUCT = YES;
			};
			name = Release;
		};
		765FBC7328B803D900D8FCA0 /* Debug */ = {
			isa = XCBuildConfiguration;
			buildSettings = {
				ASSETCATALOG_COMPILER_APPICON_NAME = AppIcon;
				ASSETCATALOG_COMPILER_GLOBAL_ACCENT_COLOR_NAME = AccentColor;
				CODE_SIGN_STYLE = Automatic;
				CURRENT_PROJECT_VERSION = 1;
				DEVELOPMENT_TEAM = RG5D4WKJ7M;
				GENERATE_INFOPLIST_FILE = YES;
				INFOPLIST_FILE = HelloIxuea/Info.plist;
				INFOPLIST_KEY_UIApplicationSupportsIndirectInputEvents = YES;
				INFOPLIST_KEY_UILaunchStoryboardName = LaunchScreen;
				INFOPLIST_KEY_UIMainStoryboardFile = Main;
				INFOPLIST_KEY_UISupportedInterfaceOrientations_iPad = "UIInterfaceOrientationPortrait UIInterfaceOrientationPortraitUpsideDown UIInterfaceOrientationLandscapeLeft UIInterfaceOrientationLandscapeRight";
				INFOPLIST_KEY_UISupportedInterfaceOrientations_iPhone = "UIInterfaceOrientationPortrait UIInterfaceOrientationLandscapeLeft UIInterfaceOrientationLandscapeRight";
				LD_RUNPATH_SEARCH_PATHS = (
					"$(inherited)",
					"@executable_path/Frameworks",
				);
				MARKETING_VERSION = 1.0;
				PRODUCT_BUNDLE_IDENTIFIER = com.ixuea.HelloIxuea;
				PRODUCT_NAME = "$(TARGET_NAME)";
				SWIFT_EMIT_LOC_STRINGS = YES;
				SWIFT_VERSION = 5.0;
				TARGETED_DEVICE_FAMILY = "1,2";
			};
			name = Debug;
		};
		765FBC7428B803D900D8FCA0 /* Release */ = {
			isa = XCBuildConfiguration;
			buildSettings = {
				ASSETCATALOG_COMPILER_APPICON_NAME = AppIcon;
				ASSETCATALOG_COMPILER_GLOBAL_ACCENT_COLOR_NAME = AccentColor;
				CODE_SIGN_STYLE = Automatic;
				CURRENT_PROJECT_VERSION = 1;
				DEVELOPMENT_TEAM = RG5D4WKJ7M;
				GENERATE_INFOPLIST_FILE = YES;
				INFOPLIST_FILE = HelloIxuea/Info.plist;
				INFOPLIST_KEY_UIApplicationSupportsIndirectInputEvents = YES;
				INFOPLIST_KEY_UILaunchStoryboardName = LaunchScreen;
				INFOPLIST_KEY_UIMainStoryboardFile = Main;
				INFOPLIST_KEY_UISupportedInterfaceOrientations_iPad = "UIInterfaceOrientationPortrait UIInterfaceOrientationPortraitUpsideDown UIInterfaceOrientationLandscapeLeft UIInterfaceOrientationLandscapeRight";
				INFOPLIST_KEY_UISupportedInterfaceOrientations_iPhone = "UIInterfaceOrientationPortrait UIInterfaceOrientationLandscapeLeft UIInterfaceOrientationLandscapeRight";
				LD_RUNPATH_SEARCH_PATHS = (
					"$(inherited)",
					"@executable_path/Frameworks",
				);
				MARKETING_VERSION = 1.0;
				PRODUCT_BUNDLE_IDENTIFIER = com.ixuea.HelloIxuea;
				PRODUCT_NAME = "$(TARGET_NAME)";
				SWIFT_EMIT_LOC_STRINGS = YES;
				SWIFT_VERSION = 5.0;
				TARGETED_DEVICE_FAMILY = "1,2";
			};
			name = Release;
		};
		765FBC7628B803D900D8FCA0 /* Debug */ = {
			isa = XCBuildConfiguration;
			buildSettings = {
				ALWAYS_EMBED_SWIFT_STANDARD_LIBRARIES = YES;
				BUNDLE_LOADER = "$(TEST_HOST)";
				CODE_SIGN_STYLE = Automatic;
				CURRENT_PROJECT_VERSION = 1;
				DEVELOPMENT_TEAM = RG5D4WKJ7M;
				GENERATE_INFOPLIST_FILE = YES;
				IPHONEOS_DEPLOYMENT_TARGET = 15.5;
				MARKETING_VERSION = 1.0;
				PRODUCT_BUNDLE_IDENTIFIER = com.ixuea.HelloIxueaTests;
				PRODUCT_NAME = "$(TARGET_NAME)";
				SWIFT_EMIT_LOC_STRINGS = NO;
				SWIFT_VERSION = 5.0;
				TARGETED_DEVICE_FAMILY = "1,2";
				TEST_HOST = "$(BUILT_PRODUCTS_DIR)/HelloIxuea.app/HelloIxuea";
			};
			name = Debug;
		};
		765FBC7728B803D900D8FCA0 /* Release */ = {
			isa = XCBuildConfiguration;
			buildSettings = {
				ALWAYS_EMBED_SWIFT_STANDARD_LIBRARIES = YES;
				BUNDLE_LOADER = "$(TEST_HOST)";
				CODE_SIGN_STYLE = Automatic;
				CURRENT_PROJECT_VERSION = 1;
				DEVELOPMENT_TEAM = RG5D4WKJ7M;
				GENERATE_INFOPLIST_FILE = YES;
				IPHONEOS_DEPLOYMENT_TARGET = 15.5;
				MARKETING_VERSION = 1.0;
				PRODUCT_BUNDLE_IDENTIFIER = com.ixuea.HelloIxueaTests;
				PRODUCT_NAME = "$(TARGET_NAME)";
				SWIFT_EMIT_LOC_STRINGS = NO;
				SWIFT_VERSION = 5.0;
				TARGETED_DEVICE_FAMILY = "1,2";
				TEST_HOST = "$(BUILT_PRODUCTS_DIR)/HelloIxuea.app/HelloIxuea";
			};
			name = Release;
		};
		765FBC7928B803D900D8FCA0 /* Debug */ = {
			isa = XCBuildConfiguration;
			buildSettings = {
				ALWAYS_EMBED_SWIFT_STANDARD_LIBRARIES = YES;
				CODE_SIGN_STYLE = Automatic;
				CURRENT_PROJECT_VERSION = 1;
				DEVELOPMENT_TEAM = RG5D4WKJ7M;
				GENERATE_INFOPLIST_FILE = YES;
				MARKETING_VERSION = 1.0;
				PRODUCT_BUNDLE_IDENTIFIER = com.ixuea.HelloIxueaUITests;
				PRODUCT_NAME = "$(TARGET_NAME)";
				SWIFT_EMIT_LOC_STRINGS = NO;
				SWIFT_VERSION = 5.0;
				TARGETED_DEVICE_FAMILY = "1,2";
				TEST_TARGET_NAME = HelloIxuea;
			};
			name = Debug;
		};
		765FBC7A28B803D900D8FCA0 /* Release */ = {
			isa = XCBuildConfiguration;
			buildSettings = {
				ALWAYS_EMBED_SWIFT_STANDARD_LIBRARIES = YES;
				CODE_SIGN_STYLE = Automatic;
				CURRENT_PROJECT_VERSION = 1;
				DEVELOPMENT_TEAM = RG5D4WKJ7M;
				GENERATE_INFOPLIST_FILE = YES;
				MARKETING_VERSION = 1.0;
				PRODUCT_BUNDLE_IDENTIFIER = com.ixuea.HelloIxueaUITests;
				PRODUCT_NAME = "$(TARGET_NAME)";
				SWIFT_EMIT_LOC_STRINGS = NO;
				SWIFT_VERSION = 5.0;
				TARGETED_DEVICE_FAMILY = "1,2";
				TEST_TARGET_NAME = HelloIxuea;
			};
			name = Release;
		};
/* End XCBuildConfiguration section */

/* Begin XCConfigurationList section */
		765FBC4328B803D700D8FCA0 /* Build configuration list for PBXProject "HelloIxuea" */ = {
			isa = XCConfigurationList;
			buildConfigurations = (
				765FBC7028B803D900D8FCA0 /* Debug */,
				765FBC7128B803D900D8FCA0 /* Release */,
			);
			defaultConfigurationIsVisible = 0;
			defaultConfigurationName = Release;
		};
		765FBC7228B803D900D8FCA0 /* Build configuration list for PBXNativeTarget "HelloIxuea" */ = {
			isa = XCConfigurationList;
			buildConfigurations = (
				765FBC7328B803D900D8FCA0 /* Debug */,
				765FBC7428B803D900D8FCA0 /* Release */,
			);
			defaultConfigurationIsVisible = 0;
			defaultConfigurationName = Release;
		};
		765FBC7528B803D900D8FCA0 /* Build configuration list for PBXNativeTarget "HelloIxueaTests" */ = {
			isa = XCConfigurationList;
			buildConfigurations = (
				765FBC7628B803D900D8FCA0 /* Debug */,
				765FBC7728B803D900D8FCA0 /* Release */,
			);
			defaultConfigurationIsVisible = 0;
			defaultConfigurationName = Release;
		};
		765FBC7828B803D900D8FCA0 /* Build configuration list for PBXNativeTarget "HelloIxueaUITests" */ = {
			isa = XCConfigurationList;
			buildConfigurations = (
				765FBC7928B803D900D8FCA0 /* Debug */,
				765FBC7A28B803D900D8FCA0 /* Release */,
			);
			defaultConfigurationIsVisible = 0;
			defaultConfigurationName = Release;
		};
/* End XCConfigurationList section */
	};
	rootObject = 765FBC4028B803D700D8FCA0 /* Project object */;
}
